PODS:
  - Agrume (5.6.13):
    - SwiftyGif
  - DJI-SDK-iOS (4.15.1)
  - DJI-UXSDK-iOS (4.14)
  - DronelinkCore (2.5.0)
  - DronelinkCoreUI (2.5.0):
    - Agrume (~> 5.6.10)
    - DronelinkCore (~> 2.5.0)
    - IQKeyboardManager (~> 6.5.6)
    - Kingfisher (~> 5.15.7)
    - Mapbox-iOS-SDK (~> 6.3.0)
    - MarqueeLabel (~> 4.0.5)
    - MaterialComponents/ActivityIndicator (~> 119.0.0)
    - MaterialComponents/Buttons (~> 119.0.0)
    - "MaterialComponents/Buttons+Theming (~> 119.0.0)"
    - MaterialComponents/Dialogs (~> 119.0.0)
    - "MaterialComponents/Dialogs+Theming (~> 119.0.0)"
    - MaterialComponents/Palettes (~> 119.0.0)
    - MaterialComponents/ProgressView (~> 119.0.0)
    - MaterialComponents/Snackbar (~> 119.0.0)
    - MaterialComponents/TextFields (~> 119.0.0)
    - MicrosoftMapsSDK (~> 1.1.4)
    - SnapKit (~> 5.0.1)
    - SwiftyUserDefaults (~> 5.0.0)
  - DronelinkDJI (2.5.0):
    - DJI-SDK-iOS (~> 4.15)
    - DronelinkCore (~> 2.5.0)
  - IQKeyboardManager (6.5.6)
  - Kingfisher (5.15.8):
    - Kingfisher/Core (= 5.15.8)
  - Kingfisher/Core (5.15.8)
  - Mapbox-iOS-SDK (6.3.0):
    - MapboxMobileEvents (~> 0.10.4)
  - MapboxMobileEvents (0.10.8)
  - MarqueeLabel (4.0.5)
  - MaterialComponents/ActivityIndicator (119.0.0):
    - MaterialComponents/Palettes
    - MaterialComponents/private/Application
    - MDFInternationalization
    - MotionAnimator (~> 2.0)
  - MaterialComponents/AnimationTiming (119.0.0)
  - MaterialComponents/Availability (119.0.0)
  - MaterialComponents/Buttons (119.0.0):
    - MaterialComponents/Elevation
    - MaterialComponents/Ink
    - MaterialComponents/private/Math
    - MaterialComponents/Ripple
    - MaterialComponents/ShadowElevations
    - MaterialComponents/ShadowLayer
    - MaterialComponents/ShapeLibrary
    - MaterialComponents/Shapes
    - MaterialComponents/Typography
    - MDFInternationalization
    - MDFTextAccessibility
  - "MaterialComponents/Buttons+ColorThemer (119.0.0)":
    - MaterialComponents/Buttons
    - MaterialComponents/schemes/Color
  - "MaterialComponents/Buttons+ShapeThemer (119.0.0)":
    - MaterialComponents/Buttons
    - MaterialComponents/schemes/Shape
  - "MaterialComponents/Buttons+Theming (119.0.0)":
    - MaterialComponents/Buttons
    - "MaterialComponents/Buttons+ColorThemer"
    - "MaterialComponents/Buttons+ShapeThemer"
    - "MaterialComponents/Buttons+TypographyThemer"
    - MaterialComponents/schemes/Container
    - MaterialComponents/ShadowElevations
  - "MaterialComponents/Buttons+TypographyThemer (119.0.0)":
    - MaterialComponents/Buttons
    - MaterialComponents/schemes/Typography
  - MaterialComponents/Dialogs (119.0.0):
    - MaterialComponents/Buttons
    - MaterialComponents/Elevation
    - MaterialComponents/private/KeyboardWatcher
    - MaterialComponents/private/Math
    - MaterialComponents/ShadowElevations
    - MaterialComponents/ShadowLayer
    - MaterialComponents/Typography
    - MDFInternationalization
  - "MaterialComponents/Dialogs+ColorThemer (119.0.0)":
    - "MaterialComponents/Buttons+ColorThemer"
    - MaterialComponents/Dialogs
    - MaterialComponents/Themes
  - "MaterialComponents/Dialogs+Theming (119.0.0)":
    - "MaterialComponents/Buttons+Theming"
    - MaterialComponents/Dialogs
    - "MaterialComponents/Dialogs+ColorThemer"
    - "MaterialComponents/Dialogs+TypographyThemer"
    - MaterialComponents/schemes/Container
    - MaterialComponents/ShadowElevations
  - "MaterialComponents/Dialogs+TypographyThemer (119.0.0)":
    - "MaterialComponents/Buttons+TypographyThemer"
    - MaterialComponents/Dialogs
    - MaterialComponents/schemes/Typography
  - MaterialComponents/Elevation (119.0.0):
    - MaterialComponents/Availability
    - MaterialComponents/private/Color
    - MaterialComponents/private/Math
  - MaterialComponents/Ink (119.0.0):
    - MaterialComponents/Availability
    - MaterialComponents/private/Color
    - MaterialComponents/private/Math
  - MaterialComponents/OverlayWindow (119.0.0):
    - MaterialComponents/Availability
    - MaterialComponents/private/Application
  - MaterialComponents/Palettes (119.0.0)
  - MaterialComponents/private/Application (119.0.0)
  - MaterialComponents/private/Color (119.0.0):
    - MaterialComponents/Availability
  - MaterialComponents/private/KeyboardWatcher (119.0.0):
    - MaterialComponents/private/Application
  - MaterialComponents/private/Math (119.0.0)
  - MaterialComponents/private/Overlay (119.0.0)
  - MaterialComponents/ProgressView (119.0.0):
    - MaterialComponents/Palettes
    - MaterialComponents/private/Math
    - MDFInternationalization
  - MaterialComponents/Ripple (119.0.0):
    - MaterialComponents/AnimationTiming
    - MaterialComponents/Availability
    - MaterialComponents/private/Color
    - MaterialComponents/private/Math
  - MaterialComponents/schemes/Color (119.0.0):
    - MaterialComponents/Availability
    - MaterialComponents/private/Color
  - MaterialComponents/schemes/Container (119.0.0):
    - MaterialComponents/schemes/Color
    - MaterialComponents/schemes/Shape
    - MaterialComponents/schemes/Typography
  - MaterialComponents/schemes/Shape (119.0.0):
    - MaterialComponents/ShapeLibrary
    - MaterialComponents/Shapes
  - MaterialComponents/schemes/Typography (119.0.0):
    - "MaterialComponents/schemes/Typography+BasicFontScheme"
    - "MaterialComponents/schemes/Typography+Scheming"
    - MaterialComponents/Typography
  - "MaterialComponents/schemes/Typography+BasicFontScheme (119.0.0)"
  - "MaterialComponents/schemes/Typography+Scheming (119.0.0)"
  - MaterialComponents/ShadowElevations (119.0.0)
  - MaterialComponents/ShadowLayer (119.0.0):
    - MaterialComponents/ShadowElevations
  - MaterialComponents/ShapeLibrary (119.0.0):
    - MaterialComponents/private/Math
    - MaterialComponents/Shapes
  - MaterialComponents/Shapes (119.0.0):
    - MaterialComponents/private/Color
    - MaterialComponents/private/Math
    - MaterialComponents/ShadowLayer
  - MaterialComponents/Snackbar (119.0.0):
    - MaterialComponents/AnimationTiming
    - MaterialComponents/Availability
    - MaterialComponents/Buttons
    - MaterialComponents/Elevation
    - MaterialComponents/OverlayWindow
    - MaterialComponents/private/Application
    - MaterialComponents/private/KeyboardWatcher
    - MaterialComponents/private/Math
    - MaterialComponents/private/Overlay
    - MaterialComponents/ShadowElevations
    - MaterialComponents/ShadowLayer
    - MaterialComponents/Typography
  - MaterialComponents/TextFields (119.0.0):
    - MaterialComponents/AnimationTiming
    - MaterialComponents/Buttons
    - MaterialComponents/Elevation
    - MaterialComponents/Palettes
    - MaterialComponents/private/Math
    - MaterialComponents/Typography
    - MDFInternationalization
  - MaterialComponents/Themes (119.0.0):
    - MaterialComponents/schemes/Color
    - MaterialComponents/schemes/Typography
  - MaterialComponents/Typography (119.0.0):
    - MaterialComponents/private/Application
    - MaterialComponents/private/Math
    - MDFTextAccessibility
  - MDFInternationalization (3.0.0)
  - MDFTextAccessibility (2.0.1)
  - MicrosoftMapsSDK (1.1.4)
  - MotionAnimator (2.8.1):
    - MotionInterchange (~> 1.6)
  - MotionInterchange (1.6.0)
  - SnapKit (5.0.1)
  - SwiftyGif (5.4.0)
  - SwiftyUserDefaults (5.0.0)

DEPENDENCIES:
  - DJI-UXSDK-iOS (~> 4.14)
  - DronelinkCore (~> 2.5.0)
  - DronelinkCoreUI (~> 2.5.0)
  - DronelinkDJI (~> 2.5.0)
  - MaterialComponents/Palettes (~> 119.0.0)
  - SnapKit (~> 5.0.1)
  - SwiftyUserDefaults (~> 5.0.0)

SPEC REPOS:
  trunk:
    - Agrume
    - DJI-SDK-iOS
    - DJI-UXSDK-iOS
    - DronelinkCore
    - DronelinkCoreUI
    - DronelinkDJI
    - IQKeyboardManager
    - Kingfisher
    - Mapbox-iOS-SDK
    - MapboxMobileEvents
    - MarqueeLabel
    - MaterialComponents
    - MDFInternationalization
    - MDFTextAccessibility
    - MicrosoftMapsSDK
    - MotionAnimator
    - MotionInterchange
    - SnapKit
    - SwiftyGif
    - SwiftyUserDefaults

SPEC CHECKSUMS:
  Agrume: 21b96a1138abc0f890211bfcb12f8b1e3464b4c1
  DJI-SDK-iOS: f145618ee7727c4ef579b7293e5f805198463446
  DJI-UXSDK-iOS: 13bcf4ed89db6ea19fd125b1392613153f0c96b9
  DronelinkCore: 85c4ee2a86d45f100322641b253ed6a2dc0e05c4
  DronelinkCoreUI: 51b23e1d7c88988bff7ee13e18b22bd4dc1928e5
  DronelinkDJI: 94d22c0ae5942d57d10eb26e8b458e06c7b78d4f
  IQKeyboardManager: 2a6e97afdafc7becf0cb17a9a8d795e3a980717f
  Kingfisher: a3c03d702433fa6cfedabb2bddbe076fb8f2e902
  Mapbox-iOS-SDK: 2563ed87ead6ec08f1c2090873977b8a7be335a8
  MapboxMobileEvents: 36ff53b135aac486eed94b61f813c7967a0c2c6f
  MarqueeLabel: 00cc0bcd087111dca575878b3531af980559707d
  MaterialComponents: 69a725e28406a97816441dea4ec6ec38265a08bb
  MDFInternationalization: d697c55307816222a55685c4ccb1044ffb030c12
  MDFTextAccessibility: f4bb4cc2194286651b59a215fdeaa0e05dc90ba5
  MicrosoftMapsSDK: 64317bb343e3ef26507f61617889a6918a1b59d4
  MotionAnimator: ee16aa30567c5bae0fb2750c132915829cfaaf8a
  MotionInterchange: ead0e3ae1f3a5fb539e289debbc7ae036160a10d
  SnapKit: 97b92857e3df3a0c71833cce143274bf6ef8e5eb
  SwiftyGif: 5d4af95df24caf1c570dbbcb32a3b8a0763bc6d7
  SwiftyUserDefaults: 33fcb42bd1feb53a37d873feb62c82967db5f7f6

PODFILE CHECKSUM: 79bb368023019715a660d7781f44a49038e9a09c

COCOAPODS: 1.10.2
